{
  "name": "prettypenny",
  "version": "1.0.0",
  "lockfileVersion": 2,
  "requires": true,
  "packages": {
    "": {
      "name": "prettypenny",
      "version": "1.0.0",
      "license": "ISC",
      "dependencies": {
        "expo": "^1.0.0"
      }
    },
    "node_modules/expo": {
      "version": "1.0.0",
      "resolved": "https://registry.npmjs.org/expo/-/expo-1.0.0.tgz",
      "integrity": "sha1-nKDZH/ZHXhDHajIIoViFIECxRNw="
    }
  },
  "dependencies": {
    "expo": {
      "version": "1.0.0",
      "resolved": "https://registry.npmjs.org/expo/-/expo-1.0.0.tgz",
      "integrity": "sha1-nKDZH/ZHXhDHajIIoViFIECxRNw="
    }
  }
}
